{
  "name": "Neuro-Guide",
  "lockfileVersion": 3,
  "requires": true,
  "packages": {
    "": {
      "dependencies": {
        "prisma": "^5.3.1",
        "zod": "^3.22.4"
      }
    },
    "node_modules/@prisma/engines": {
      "version": "5.3.1",
      "resolved": "https://registry.npmjs.org/@prisma/engines/-/engines-5.3.1.tgz",
      "integrity": "sha512-6QkILNyfeeN67BNEPEtkgh3Xo2tm6D7V+UhrkBbRHqKw9CTaz/vvTP/ROwYSP/3JT2MtIutZm/EnhxUiuOPVDA==",
      "hasInstallScript": true
    },
    "node_modules/prisma": {
      "version": "5.3.1",
      "resolved": "https://registry.npmjs.org/prisma/-/prisma-5.3.1.tgz",
      "integrity": "sha512-Wp2msQIlMPHe+5k5Od6xnsI/WNG7UJGgFUJgqv/ygc7kOECZapcSz/iU4NIEzISs3H1W9sFLjAPbg/gOqqtB7A==",
      "hasInstallScript": true,
      "dependencies": {
        "@prisma/engines": "5.3.1"
      },
      "bin": {
        "prisma": "build/index.js"
      },
      "engines": {
        "node": ">=16.13"
      }
    },
    "node_modules/zod": {
      "version": "3.22.4",
      "resolved": "https://registry.npmjs.org/zod/-/zod-3.22.4.tgz",
      "integrity": "sha512-iC+8Io04lddc+mVqQ9AZ7OQ2MrUKGN+oIQyq1vemgt46jwCwLfhq7/pwnBnNXXXZb8VTVLKwp9EDkx+ryxIWmg==",
      "funding": {
        "url": "https://github.com/sponsors/colinhacks"
      }
    }
  }
}
